// !$*UTF8*$!
{
	archiveVersion = 1;
	classes = {
	};
	objectVersion = 48;
	objects = {

/* Begin PBXBuildFile section */
		55C5DA98206BBE3700C9805A /* AppDelegate.swift in Sources */ = {isa = PBXBuildFile; fileRef = 55C5DA97206BBE3700C9805A /* AppDelegate.swift */; };
		55C5DA9A206BBE3700C9805A /* Assets.xcassets in Resources */ = {isa = PBXBuildFile; fileRef = 55C5DA99206BBE3700C9805A /* Assets.xcassets */; };
		55C5DA9D206BBE3700C9805A /* MainMenu.xib in Resources */ = {isa = PBXBuildFile; fileRef = 55C5DA9B206BBE3700C9805A /* MainMenu.xib */; };
		55C5DAA7206BBE9600C9805A /* MainWindowController.swift in Sources */ = {isa = PBXBuildFile; fileRef = 55C5DAA5206BBE9600C9805A /* MainWindowController.swift */; };
		55C5DAA8206BBE9600C9805A /* MainWindowController.xib in Resources */ = {isa = PBXBuildFile; fileRef = 55C5DAA6206BBE9600C9805A /* MainWindowController.xib */; };
/* End PBXBuildFile section */

/* Begin PBXFileReference section */
		55C5DA94206BBE3700C9805A /* Thermostat.app */ = {isa = PBXFileReference; explicitFileType = wrapper.application; includeInIndex = 0; path = Thermostat.app; sourceTree = BUILT_PRODUCTS_DIR; };
		55C5DA97206BBE3700C9805A /* AppDelegate.swift */ = {isa = PBXFileReference; lastKnownFileType = sourcecode.swift; path = AppDelegate.swift; sourceTree = "<group>"; };
		55C5DA99206BBE3700C9805A /* Assets.xcassets */ = {isa = PBXFileReference; lastKnownFileType = folder.assetcatalog; path = Assets.xcassets; sourceTree = "<group>"; };
		55C5DA9C206BBE3700C9805A /* Base */ = {isa = PBXFileReference; lastKnownFileType = file.xib; name = Base; path = Base.lproj/MainMenu.xib; sourceTree = "<group>"; };
		55C5DA9E206BBE3700C9805A /* Info.plist */ = {isa = PBXFileReference; lastKnownFileType = text.plist.xml; path = Info.plist; sourceTree = "<group>"; };
		55C5DA9F206BBE3700C9805A /* Thermostat.entitlements */ = {isa = PBXFileReference; lastKnownFileType = text.plist.entitlements; path = Thermostat.entitlements; sourceTree = "<group>"; };
		55C5DAA5206BBE9600C9805A /* MainWindowController.swift */ = {isa = PBXFileReference; lastKnownFileType = sourcecode.swift; path = MainWindowController.swift; sourceTree = "<group>"; };
		55C5DAA6206BBE9600C9805A /* MainWindowController.xib */ = {isa = PBXFileReference; lastKnownFileType = file.xib; path = MainWindowController.xib; sourceTree = "<group>"; };
/* End PBXFileReference section */

/* Begin PBXFrameworksBuildPhase section */
		55C5DA91206BBE3700C9805A /* Frameworks */ = {
			isa = PBXFrameworksBuildPhase;
			buildActionMask = 2147483647;
			files = (
			);
			runOnlyForDeploymentPostprocessing = 0;
		};
/* End PBXFrameworksBuildPhase section */

/* Begin PBXGroup section */
		55C5DA8B206BBE3700C9805A = {
			isa = PBXGroup;
			children = (
				55C5DA96206BBE3700C9805A /* Thermostat */,
				55C5DA95206BBE3700C9805A /* Products */,
			);
			sourceTree = "<group>";
		};
		55C5DA95206BBE3700C9805A /* Products */ = {
			isa = PBXGroup;
			children = (
				55C5DA94206BBE3700C9805A /* Thermostat.app */,
			);
			name = Products;
			sourceTree = "<group>";
		};
		55C5DA96206BBE3700C9805A /* Thermostat */ = {
			isa = PBXGroup;
			children = (
				55C5DA97206BBE3700C9805A /* AppDelegate.swift */,
				55C5DAA5206BBE9600C9805A /* MainWindowController.swift */,
				55C5DAA6206BBE9600C9805A /* MainWindowController.xib */,
				55C5DA99206BBE3700C9805A /* Assets.xcassets */,
				55C5DA9B206BBE3700C9805A /* MainMenu.xib */,
				55C5DA9E206BBE3700C9805A /* Info.plist */,
				55C5DA9F206BBE3700C9805A /* Thermostat.entitlements */,
			);
			path = Thermostat;
			sourceTree = "<group>";
		};
/* End PBXGroup section */

/* Begin PBXNativeTarget section */
		55C5DA93206BBE3700C9805A /* Thermostat */ = {
			isa = PBXNativeTarget;
			buildConfigurationList = 55C5DAA2206BBE3700C9805A /* Build configuration list for PBXNativeTarget "Thermostat" */;
			buildPhases = (
				55C5DA90206BBE3700C9805A /* Sources */,
				55C5DA91206BBE3700C9805A /* Frameworks */,
				55C5DA92206BBE3700C9805A /* Resources */,
			);
			buildRules = (
			);
			dependencies = (
			);
			name = Thermostat;
			productName = Thermostat;
			productReference = 55C5DA94206BBE3700C9805A /* Thermostat.app */;
			productType = "com.apple.product-type.application";
		};
/* End PBXNativeTarget section */

/* Begin PBXProject section */
		55C5DA8C206BBE3700C9805A /* Project object */ = {
			isa = PBXProject;
			attributes = {
				LastSwiftUpdateCheck = 0920;
				LastUpgradeCheck = 0920;
				ORGANIZATIONNAME = Robert;
				TargetAttributes = {
					55C5DA93206BBE3700C9805A = {
						CreatedOnToolsVersion = 9.2;
						ProvisioningStyle = Automatic;
					};
				};
			};
			buildConfigurationList = 55C5DA8F206BBE3700C9805A /* Build configuration list for PBXProject "Thermostat" */;
			compatibilityVersion = "Xcode 8.0";
			developmentRegion = en;
			hasScannedForEncodings = 0;
			knownRegions = (
				en,
				Base,
			);
			mainGroup = 55C5DA8B206BBE3700C9805A;
			productRefGroup = 55C5DA95206BBE3700C9805A /* Products */;
			projectDirPath = "";
			projectRoot = "";
			targets = (
				55C5DA93206BBE3700C9805A /* Thermostat */,
			);
		};
/* End PBXProject section */

/* Begin PBXResourcesBuildPhase section */
		55C5DA92206BBE3700C9805A /* Resources */ = {
			isa = PBXResourcesBuildPhase;
			buildActionMask = 2147483647;
			files = (
				55C5DA9A206BBE3700C9805A /* Assets.xcassets in Resources */,
				55C5DAA8206BBE9600C9805A /* MainWindowController.xib in Resources */,
				55C5DA9D206BBE3700C9805A /* MainMenu.xib in Resources */,
			);
			runOnlyForDeploymentPostprocessing = 0;
		};
/* End PBXResourcesBuildPhase section */

/* Begin PBXSourcesBuildPhase section */
		55C5DA90206BBE3700C9805A /* Sources */ = {
			isa = PBXSourcesBuildPhase;
			buildActionMask = 2147483647;
			files = (
				55C5DAA7206BBE9600C9805A /* MainWindowController.swift in Sources */,
				55C5DA98206BBE3700C9805A /* AppDelegate.swift in Sources */,
			);
			runOnlyForDeploymentPostprocessing = 0;
		};
/* End PBXSourcesBuildPhase section */

/* Begin PBXVariantGroup section */
		55C5DA9B206BBE3700C9805A /* MainMenu.xib */ = {
			isa = PBXVariantGroup;
			children = (
				55C5DA9C206BBE3700C9805A /* Base */,
			);
			name = MainMenu.xib;
			sourceTree = "<group>";
		};
/* End PBXVariantGroup section */

/* Begin XCBuildConfiguration section */
		55C5DAA0206BBE3700C9805A /* Debug */ = {
			isa = XCBuildConfiguration;
			buildSettings = {
				ALWAYS_SEARCH_USER_PATHS = NO;
				CLANG_ANALYZER_NONNULL = YES;
				CLANG_ANALYZER_NUMBER_OBJECT_CONVERSION = YES_AGGRESSIVE;
				CLANG_CXX_LANGUAGE_STANDARD = "gnu++14";
				CLANG_CXX_LIBRARY = "libc++";
				CLANG_ENABLE_MODULES = YES;
				CLANG_ENABLE_OBJC_ARC = YES;
				CLANG_WARN_BLOCK_CAPTURE_AUTORELEASING = YES;
				CLANG_WARN_BOOL_CONVERSION = YES;
				CLANG_WARN_COMMA = YES;
				CLANG_WARN_CONSTANT_CONVERSION = YES;
				CLANG_WARN_DIRECT_OBJC_ISA_USAGE = YES_ERROR;
				CLANG_WARN_DOCUMENTATION_COMMENTS = YES;
				CLANG_WARN_EMPTY_BODY = YES;
				CLANG_WARN_ENUM_CONVERSION = YES;
				CLANG_WARN_INFINITE_RECURSION = YES;
				CLANG_WARN_INT_CONVERSION = YES;
				CLANG_WARN_NON_LITERAL_NULL_CONVERSION = YES;
				CLANG_WARN_OBJC_LITERAL_CONVERSION = YES;
				CLANG_WARN_OBJC_ROOT_CLASS = YES_ERROR;
				CLANG_WARN_RANGE_LOOP_ANALYSIS = YES;
				CLANG_WARN_STRICT_PROTOTYPES = YES;
				CLANG_WARN_SUSPICIOUS_MOVE = YES;
				CLANG_WARN_UNGUARDED_AVAILABILITY = YES_AGGRESSIVE;
				CLANG_WARN_UNREACHABLE_CODE = YES;
				CLANG_WARN__DUPLICATE_METHOD_MATCH = YES;
				CODE_SIGN_IDENTITY = "Mac Developer";
				COPY_PHASE_STRIP = NO;
				DEBUG_INFORMATION_FORMAT = dwarf;
				ENABLE_STRICT_OBJC_MSGSEND = YES;
				ENABLE_TESTABILITY = YES;
				GCC_C_LANGUAGE_STANDARD = gnu11;
				GCC_DYNAMIC_NO_PIC = NO;
				GCC_NO_COMMON_BLOCKS = YES;
				GCC_OPTIMIZATION_LEVEL = 0;
				GCC_PREPROCESSOR_DEFINITIONS = (
					"DEBUG=1",
					"$(inherited)",
				);
				GCC_WARN_64_TO_32_BIT_CONVERSION = YES;
				GCC_WARN_ABOUT_RETURN_TYPE = YES_ERROR;
				GCC_WARN_UNDECLARED_SELECTOR = YES;
				GCC_WARN_UNINITIALIZED_AUTOS = YES_AGGRESSIVE;
				GCC_WARN_UNUSED_FUNCTION = YES;
				GCC_WARN_UNUSED_VARIABLE = YES;
				MACOSX_DEPLOYMENT_TARGET = 10.13;
				MTL_ENABLE_DEBUG_INFO = YES;
				ONLY_ACTIVE_ARCH = YES;
				SDKROOT = macosx;
				SWIFT_ACTIVE_COMPILATION_CONDITIONS = DEBUG;
				SWIFT_OPTIMIZATION_LEVEL = "-Onone";
			};
			name = Debug;
		};
		55C5DAA1206BBE3700C9805A /* Release */ = {
			isa = XCBuildConfiguration;
			buildSettings = {
				ALWAYS_SEARCH_USER_PATHS = NO;
				CLANG_ANALYZER_NONNULL = YES;
				CLANG_ANALYZER_NUMBER_OBJECT_CONVERSION = YES_AGGRESSIVE;
				CLANG_CXX_LANGUAGE_STANDARD = "gnu++14";
				CLANG_CXX_LIBRARY = "libc++";
				CLANG_ENABLE_MODULES = YES;
				CLANG_ENABLE_OBJC_ARC = YES;
				CLANG_WARN_BLOCK_CAPTURE_AUTORELEASING = YES;
				CLANG_WARN_BOOL_CONVERSION = YES;
				CLANG_WARN_COMMA = YES;
				CLANG_WARN_CONSTANT_CONVERSION = YES;
				CLANG_WARN_DIRECT_OBJC_ISA_USAGE = YES_ERROR;
				CLANG_WARN_DOCUMENTATION_COMMENTS = YES;
				CLANG_WARN_EMPTY_BODY = YES;
				CLANG_WARN_ENUM_CONVERSION = YES;
				CLANG_WARN_INFINITE_RECURSION = YES;
				CLANG_WARN_INT_CONVERSION = YES;
				CLANG_WARN_NON_LITERAL_NULL_CONVERSION = YES;
				CLANG_WARN_OBJC_LITERAL_CONVERSION = YES;
				CLANG_WARN_OBJC_ROOT_CLASS = YES_ERROR;
				CLANG_WARN_RANGE_LOOP_ANALYSIS = YES;
				CLANG_WARN_STRICT_PROTOTYPES = YES;
				CLANG_WARN_SUSPICIOUS_MOVE = YES;
				CLANG_WARN_UNGUARDED_AVAILABILITY = YES_AGGRESSIVE;
				CLANG_WARN_UNREACHABLE_CODE = YES;
				CLANG_WARN__DUPLICATE_METHOD_MATCH = YES;
				CODE_SIGN_IDENTITY = "Mac Developer";
				COPY_PHASE_STRIP = NO;
				DEBUG_INFORMATION_FORMAT = "dwarf-with-dsym";
				ENABLE_NS_ASSERTIONS = NO;
				ENABLE_STRICT_OBJC_MSGSEND = YES;
				GCC_C_LANGUAGE_STANDARD = gnu11;
				GCC_NO_COMMON_BLOCKS = YES;
				GCC_WARN_64_TO_32_BIT_CONVERSION = YES;
				GCC_WARN_ABOUT_RETURN_TYPE = YES_ERROR;
				GCC_WARN_UNDECLARED_SELECTOR = YES;
				GCC_WARN_UNINITIALIZED_AUTOS = YES_AGGRESSIVE;
				GCC_WARN_UNUSED_FUNCTION = YES;
				GCC_WARN_UNUSED_VARIABLE = YES;
				MACOSX_DEPLOYMENT_TARGET = 10.13;
				MTL_ENABLE_DEBUG_INFO = NO;
				SDKROOT = macosx;
				SWIFT_OPTIMIZATION_LEVEL = "-Owholemodule";
			};
			name = Release;
		};
		55C5DAA3206BBE3700C9805A /* Debug */ = {
			isa = XCBuildConfiguration;
			buildSettings = {
				ASSETCATALOG_COMPILER_APPICON_NAME = AppIcon;
				CODE_SIGN_ENTITLEMENTS = Thermostat/Thermostat.entitlements;
				CODE_SIGN_STYLE = Automatic;
				COMBINE_HIDPI_IMAGES = YES;
				DEVELOPMENT_TEAM = N47X9762PN;
				INFOPLIST_FILE = Thermostat/Info.plist;
				LD_RUNPATH_SEARCH_PATHS = "$(inherited) @executable_path/../Frameworks";
				PRODUCT_BUNDLE_IDENTIFIER = com.robert.Thermostat;
				PRODUCT_NAME = "$(TARGET_NAME)";
				SWIFT_VERSION = 4.0;
			};
			name = Debug;
		};
		55C5DAA4206BBE3700C9805A /* Release */ = {
			isa = XCBuildConfiguration;
			buildSettings = {
				ASSETCATALOG_COMPILER_APPICON_NAME = AppIcon;
				CODE_SIGN_ENTITLEMENTS = Thermostat/Thermostat.entitlements;
				CODE_SIGN_STYLE = Automatic;
				COMBINE_HIDPI_IMAGES = YES;
				DEVELOPMENT_TEAM = N47X9762PN;
				INFOPLIST_FILE = Thermostat/Info.plist;
				LD_RUNPATH_SEARCH_PATHS = "$(inherited) @executable_path/../Frameworks";
				PRODUCT_BUNDLE_IDENTIFIER = com.robert.Thermostat;
				PRODUCT_NAME = "$(TARGET_NAME)";
				SWIFT_VERSION = 4.0;
			};
			name = Release;
		};
/* End XCBuildConfiguration section */

/* Begin XCConfigurationList section */
		55C5DA8F206BBE3700C9805A /* Build configuration list for PBXProject "Thermostat" */ = {
			isa = XCConfigurationList;
			buildConfigurations = (
				55C5DAA0206BBE3700C9805A /* Debug */,
				55C5DAA1206BBE3700C9805A /* Release */,
			);
			defaultConfigurationIsVisible = 0;
			defaultConfigurationName = Release;
		};
		55C5DAA2206BBE3700C9805A /* Build configuration list for PBXNativeTarget "Thermostat" */ = {
			isa = XCConfigurationList;
			buildConfigurations = (
				55C5DAA3206BBE3700C9805A /* Debug */,
				55C5DAA4206BBE3700C9805A /* Release */,
			);
			defaultConfigurationIsVisible = 0;
			defaultConfigurationName = Release;
		};
/* End XCConfigurationList section */
	};
	rootObject = 55C5DA8C206BBE3700C9805A /* Project object */;
}
